
Microsoft Visual Studio Solution File, Format Version 12.00
# Visual Studio 15
VisualStudioVersion = 15.0.28307.1433
MinimumVisualStudioVersion = 10.0.40219.1
Project("{8BC9CEB8-8B4A-11D0-8D11-00A0C91BC942}") = "objectOrientedProgramming", "objectOrientedProgramming\objectOrientedProgramming.vcxproj", "{D053C632-F975-40E2-AD72-A39337407FBA}"
EndProject
Global
	GlobalSection(SolutionConfigurationPlatforms) = preSolution
		Debug|x64 = Debug|x64
		Debug|x86 = Debug|x86
		Release|x64 = Release|x64
		Release|x86 = Release|x86
	EndGlobalSection
	GlobalSection(ProjectConfigurationPlatforms) = postSolution
		{D053C632-F975-40E2-AD72-A39337407FBA}.Debug|x64.ActiveCfg = Debug|x64
		{D053C632-F975-40E2-AD72-A39337407FBA}.Debug|x64.Build.0 = Debug|x64
		{D053C632-F975-40E2-AD72-A39337407FBA}.Debug|x86.ActiveCfg = Debug|Win32
		{D053C632-F975-40E2-AD72-A39337407FBA}.Debug|x86.Build.0 = Debug|Win32
		{D053C632-F975-40E2-AD72-A39337407FBA}.Release|x64.ActiveCfg = Release|x64
		{D053C632-F975-40E2-AD72-A39337407FBA}.Release|x64.Build.0 = Release|x64
		{D053C632-F975-40E2-AD72-A39337407FBA}.Release|x86.ActiveCfg = Release|Win32
		{D053C632-F975-40E2-AD72-A39337407FBA}.Release|x86.Build.0 = Release|Win32
	EndGlobalSection
	GlobalSection(SolutionProperties) = preSolution
		HideSolutionNode = FALSE
	EndGlobalSection
	GlobalSection(ExtensibilityGlobals) = postSolution
		SolutionGuid = {1338BAEB-A33F-4B2D-A832-DC7EA27C84BB}
	EndGlobalSection
EndGlobal
